{
  "version": 4,
  "terraform_version": "0.12.24",
  "serial": 11,
  "lineage": "e383a69a-a732-72fb-927f-f596f935ca28",
  "outputs": {},
  "resources": [
    {
      "mode": "managed",
      "type": "aws_cloudfront_distribution",
      "name": "application",
      "provider": "provider.aws",
      "instances": [
        {
          "schema_version": 1,
          "attributes": {
            "active_trusted_signers": {
              "enabled": "false",
              "items.#": "0"
            },
            "aliases": [
              "heikehaensel.de"
            ],
            "arn": "arn:aws:cloudfront::403039540759:distribution/E3174BLYAAZ056",
            "cache_behavior": [],
            "caller_reference": "terraform-20200615132112469700000001",
            "comment": "Terraform configured",
            "custom_error_response": [
              {
                "error_caching_min_ttl": 5,
                "error_code": 403,
                "response_code": 200,
                "response_page_path": "/404.html"
              },
              {
                "error_caching_min_ttl": 5,
                "error_code": 404,
                "response_code": 200,
                "response_page_path": "/404.html"
              }
            ],
            "default_cache_behavior": [
              {
                "allowed_methods": [
                  "DELETE",
                  "GET",
                  "HEAD",
                  "OPTIONS",
                  "PATCH",
                  "POST",
                  "PUT"
                ],
                "cached_methods": [
                  "GET",
                  "HEAD"
                ],
                "compress": true,
                "default_ttl": 86400,
                "field_level_encryption_id": "",
                "forwarded_values": [
                  {
                    "cookies": [
                      {
                        "forward": "none",
                        "whitelisted_names": []
                      }
                    ],
                    "headers": [],
                    "query_string": false,
                    "query_string_cache_keys": []
                  }
                ],
                "lambda_function_association": [],
                "max_ttl": 31536000,
                "min_ttl": 0,
                "smooth_streaming": false,
                "target_origin_id": "heike-haensel-hosting-bucket-homepage-jbzqiqmkwczpgkhiggmh",
                "trusted_signers": [],
                "viewer_protocol_policy": "redirect-to-https"
              }
            ],
            "default_root_object": "index.html",
            "domain_name": "d1cv5oa7kp2tq4.cloudfront.net",
            "enabled": true,
            "etag": "E52X8KEML2N6P",
            "hosted_zone_id": "Z2FDTNDATAQYW2",
            "http_version": "http2",
            "id": "E3174BLYAAZ056",
            "in_progress_validation_batches": 0,
            "is_ipv6_enabled": true,
            "last_modified_time": "2020-06-15 13:21:13.135 +0000 UTC",
            "logging_config": [],
            "ordered_cache_behavior": [],
            "origin": [
              {
                "custom_header": [],
                "custom_origin_config": [
                  {
                    "http_port": 80,
                    "https_port": 443,
                    "origin_keepalive_timeout": 5,
                    "origin_protocol_policy": "http-only",
                    "origin_read_timeout": 30,
                    "origin_ssl_protocols": [
                      "TLSv1",
                      "TLSv1.1",
                      "TLSv1.2"
                    ]
                  }
                ],
                "domain_name": "heike-haensel-hosting-bucket-homepage-jbzqiqmkwczpgkhiggmh.s3-website.eu-central-1.amazonaws.com",
                "origin_id": "heike-haensel-hosting-bucket-homepage-jbzqiqmkwczpgkhiggmh",
                "origin_path": "",
                "s3_origin_config": []
              }
            ],
            "origin_group": [],
            "price_class": "PriceClass_All",
            "restrictions": [
              {
                "geo_restriction": [
                  {
                    "locations": [],
                    "restriction_type": "none"
                  }
                ]
              }
            ],
            "retain_on_delete": false,
            "status": "Deployed",
            "tags": {},
            "viewer_certificate": [
              {
                "acm_certificate_arn": "arn:aws:acm:us-east-1:403039540759:certificate/c5e668b6-64fe-4f3d-926b-101c46d3fcfe",
                "cloudfront_default_certificate": false,
                "iam_certificate_id": "",
                "minimum_protocol_version": "TLSv1.1_2016",
                "ssl_support_method": "sni-only"
              }
            ],
            "wait_for_deployment": true,
            "web_acl_id": ""
          },
          "private": "eyJzY2hlbWFfdmVyc2lvbiI6IjEifQ==",
          "dependencies": [
            "aws_s3_bucket.hosting-bucket-homepage"
          ]
        }
      ]
    },
    {
      "mode": "managed",
      "type": "aws_cloudfront_distribution",
      "name": "redirection-to-root",
      "provider": "provider.aws",
      "instances": [
        {
          "schema_version": 1,
          "attributes": {
            "active_trusted_signers": {
              "enabled": "false",
              "items.#": "0"
            },
            "aliases": [
              "www.heikehaensel.de"
            ],
            "arn": "arn:aws:cloudfront::403039540759:distribution/EYIIN00D5XKKV",
            "cache_behavior": [],
            "caller_reference": "terraform-20200615131513716400000001",
            "comment": null,
            "custom_error_response": [],
            "default_cache_behavior": [
              {
                "allowed_methods": [
                  "DELETE",
                  "GET",
                  "HEAD",
                  "OPTIONS",
                  "PATCH",
                  "POST",
                  "PUT"
                ],
                "cached_methods": [
                  "GET",
                  "HEAD"
                ],
                "compress": false,
                "default_ttl": 86400,
                "field_level_encryption_id": "",
                "forwarded_values": [
                  {
                    "cookies": [
                      {
                        "forward": "none",
                        "whitelisted_names": []
                      }
                    ],
                    "headers": [],
                    "query_string": false,
                    "query_string_cache_keys": []
                  }
                ],
                "lambda_function_association": [],
                "max_ttl": 31536000,
                "min_ttl": 0,
                "smooth_streaming": false,
                "target_origin_id": "heike-haensel-hosting-bucket-redirect-jbzqiqmkwczpgkhiggmh",
                "trusted_signers": [],
                "viewer_protocol_policy": "allow-all"
              }
            ],
            "default_root_object": "",
            "domain_name": "d14jwq2f1rups8.cloudfront.net",
            "enabled": true,
            "etag": "E12K3KDNB9DO7B",
            "hosted_zone_id": "Z2FDTNDATAQYW2",
            "http_version": "http2",
            "id": "EYIIN00D5XKKV",
            "in_progress_validation_batches": 0,
            "is_ipv6_enabled": true,
            "last_modified_time": "2020-06-15 13:15:14.422 +0000 UTC",
            "logging_config": [],
            "ordered_cache_behavior": [],
            "origin": [
              {
                "custom_header": [],
                "custom_origin_config": [
                  {
                    "http_port": 80,
                    "https_port": 443,
                    "origin_keepalive_timeout": 5,
                    "origin_protocol_policy": "http-only",
                    "origin_read_timeout": 30,
                    "origin_ssl_protocols": [
                      "TLSv1",
                      "TLSv1.1",
                      "TLSv1.2"
                    ]
                  }
                ],
                "domain_name": "heike-haensel-hosting-bucket-redirect-jbzqiqmkwczpgkhiggmh.s3-website.eu-central-1.amazonaws.com",
                "origin_id": "heike-haensel-hosting-bucket-redirect-jbzqiqmkwczpgkhiggmh",
                "origin_path": "",
                "s3_origin_config": []
              }
            ],
            "origin_group": [],
            "price_class": "PriceClass_All",
            "restrictions": [
              {
                "geo_restriction": [
                  {
                    "locations": [],
                    "restriction_type": "none"
                  }
                ]
              }
            ],
            "retain_on_delete": false,
            "status": "Deployed",
            "tags": {},
            "viewer_certificate": [
              {
                "acm_certificate_arn": "arn:aws:acm:us-east-1:403039540759:certificate/c5e668b6-64fe-4f3d-926b-101c46d3fcfe",
                "cloudfront_default_certificate": false,
                "iam_certificate_id": "",
                "minimum_protocol_version": "TLSv1.1_2016",
                "ssl_support_method": "sni-only"
              }
            ],
            "wait_for_deployment": true,
            "web_acl_id": ""
          },
          "private": "eyJzY2hlbWFfdmVyc2lvbiI6IjEifQ==",
          "dependencies": [
            "aws_s3_bucket.hosting-redirect"
          ]
        }
      ]
    },
    {
      "mode": "managed",
      "type": "aws_s3_bucket",
      "name": "hosting-bucket-homepage",
      "provider": "provider.aws",
      "instances": [
        {
          "schema_version": 0,
          "attributes": {
            "acceleration_status": "",
            "acl": "private",
            "arn": "arn:aws:s3:::heike-haensel-hosting-bucket-homepage-jbzqiqmkwczpgkhiggmh",
            "bucket": "heike-haensel-hosting-bucket-homepage-jbzqiqmkwczpgkhiggmh",
            "bucket_domain_name": "heike-haensel-hosting-bucket-homepage-jbzqiqmkwczpgkhiggmh.s3.amazonaws.com",
            "bucket_prefix": null,
            "bucket_regional_domain_name": "heike-haensel-hosting-bucket-homepage-jbzqiqmkwczpgkhiggmh.s3.eu-central-1.amazonaws.com",
            "cors_rule": [],
            "force_destroy": false,
            "hosted_zone_id": "Z21DNDUVLTQW6Q",
            "id": "heike-haensel-hosting-bucket-homepage-jbzqiqmkwczpgkhiggmh",
            "lifecycle_rule": [],
            "logging": [],
            "object_lock_configuration": [],
            "policy": null,
            "region": "eu-central-1",
            "replication_configuration": [],
            "request_payer": "BucketOwner",
            "server_side_encryption_configuration": [],
            "tags": {},
            "versioning": [
              {
                "enabled": false,
                "mfa_delete": false
              }
            ],
            "website": [
              {
                "error_document": "404.html",
                "index_document": "index.html",
                "redirect_all_requests_to": "",
                "routing_rules": ""
              }
            ],
            "website_domain": "s3-website.eu-central-1.amazonaws.com",
            "website_endpoint": "heike-haensel-hosting-bucket-homepage-jbzqiqmkwczpgkhiggmh.s3-website.eu-central-1.amazonaws.com"
          },
          "private": "bnVsbA=="
        }
      ]
    },
    {
      "mode": "managed",
      "type": "aws_s3_bucket",
      "name": "hosting-redirect",
      "provider": "provider.aws",
      "instances": [
        {
          "schema_version": 0,
          "attributes": {
            "acceleration_status": "",
            "acl": "private",
            "arn": "arn:aws:s3:::heike-haensel-hosting-bucket-redirect-jbzqiqmkwczpgkhiggmh",
            "bucket": "heike-haensel-hosting-bucket-redirect-jbzqiqmkwczpgkhiggmh",
            "bucket_domain_name": "heike-haensel-hosting-bucket-redirect-jbzqiqmkwczpgkhiggmh.s3.amazonaws.com",
            "bucket_prefix": null,
            "bucket_regional_domain_name": "heike-haensel-hosting-bucket-redirect-jbzqiqmkwczpgkhiggmh.s3.eu-central-1.amazonaws.com",
            "cors_rule": [],
            "force_destroy": false,
            "hosted_zone_id": "Z21DNDUVLTQW6Q",
            "id": "heike-haensel-hosting-bucket-redirect-jbzqiqmkwczpgkhiggmh",
            "lifecycle_rule": [],
            "logging": [],
            "object_lock_configuration": [],
            "policy": null,
            "region": "eu-central-1",
            "replication_configuration": [],
            "request_payer": "BucketOwner",
            "server_side_encryption_configuration": [],
            "tags": {},
            "versioning": [
              {
                "enabled": false,
                "mfa_delete": false
              }
            ],
            "website": [
              {
                "error_document": "",
                "index_document": "",
                "redirect_all_requests_to": "https://heikehaensel.de",
                "routing_rules": ""
              }
            ],
            "website_domain": "s3-website.eu-central-1.amazonaws.com",
            "website_endpoint": "heike-haensel-hosting-bucket-redirect-jbzqiqmkwczpgkhiggmh.s3-website.eu-central-1.amazonaws.com"
          },
          "private": "bnVsbA=="
        }
      ]
    },
    {
      "mode": "managed",
      "type": "aws_s3_bucket_policy",
      "name": "public-access-website",
      "provider": "provider.aws",
      "instances": [
        {
          "schema_version": 0,
          "attributes": {
            "bucket": "heike-haensel-hosting-bucket-homepage-jbzqiqmkwczpgkhiggmh",
            "id": "heike-haensel-hosting-bucket-homepage-jbzqiqmkwczpgkhiggmh",
            "policy": "{\n  \"Version\": \"2012-10-17\",\n  \"Statement\": [\n    {\n      \"Sid\": \"PublicReadGetObject\",\n      \"Effect\": \"Allow\",\n      \"Principal\": \"*\",\n      \"Action\": \"s3:GetObject\",\n      \"Resource\": \"arn:aws:s3:::heike-haensel-hosting-bucket-homepage-jbzqiqmkwczpgkhiggmh/*\"\n    }\n  ]\n}\n"
          },
          "private": "bnVsbA==",
          "dependencies": [
            "aws_s3_bucket.hosting-bucket-homepage"
          ]
        }
      ]
    }
  ]
}
